
Microsoft Visual Studio Solution File, Format Version 11.00
# Visual Studio 2010
Project("{FAE04EC0-301F-11D3-BF4B-00C04F79EFBC}") = "Model", "Model\Model.csproj", "{797D14C4-80C0-48C9-87D2-FC140E064541}"
EndProject
Project("{FAE04EC0-301F-11D3-BF4B-00C04F79EFBC}") = "Web", "Web\Web.csproj", "{CBB67EC9-3090-43C2-BC65-A998E870FBBA}"
EndProject
Project("{FAE04EC0-301F-11D3-BF4B-00C04F79EFBC}") = "ResponseProcessor", "ResponseProcessor\ResponseProcessor.csproj", "{5B031EC4-772C-490F-AD13-AC84969162ED}"
EndProject
Global
	GlobalSection(SolutionConfigurationPlatforms) = preSolution
		Debug|Any CPU = Debug|Any CPU
		Release|Any CPU = Release|Any CPU
	EndGlobalSection
	GlobalSection(ProjectConfigurationPlatforms) = postSolution
		{797D14C4-80C0-48C9-87D2-FC140E064541}.Debug|Any CPU.ActiveCfg = Debug|Any CPU
		{797D14C4-80C0-48C9-87D2-FC140E064541}.Debug|Any CPU.Build.0 = Debug|Any CPU
		{797D14C4-80C0-48C9-87D2-FC140E064541}.Release|Any CPU.ActiveCfg = Release|Any CPU
		{797D14C4-80C0-48C9-87D2-FC140E064541}.Release|Any CPU.Build.0 = Release|Any CPU
		{CBB67EC9-3090-43C2-BC65-A998E870FBBA}.Debug|Any CPU.ActiveCfg = Debug|Any CPU
		{CBB67EC9-3090-43C2-BC65-A998E870FBBA}.Debug|Any CPU.Build.0 = Debug|Any CPU
		{CBB67EC9-3090-43C2-BC65-A998E870FBBA}.Release|Any CPU.ActiveCfg = Release|Any CPU
		{CBB67EC9-3090-43C2-BC65-A998E870FBBA}.Release|Any CPU.Build.0 = Release|Any CPU
		{5B031EC4-772C-490F-AD13-AC84969162ED}.Debug|Any CPU.ActiveCfg = Debug|Any CPU
		{5B031EC4-772C-490F-AD13-AC84969162ED}.Debug|Any CPU.Build.0 = Debug|Any CPU
		{5B031EC4-772C-490F-AD13-AC84969162ED}.Release|Any CPU.ActiveCfg = Release|Any CPU
		{5B031EC4-772C-490F-AD13-AC84969162ED}.Release|Any CPU.Build.0 = Release|Any CPU
	EndGlobalSection
	GlobalSection(SolutionProperties) = preSolution
		HideSolutionNode = FALSE
	EndGlobalSection
EndGlobal
